{
  "version": 4,
  "terraform_version": "1.13.4",
  "serial": 67,
  "lineage": "ce570b55-ba35-bfdf-275b-cd2f1d45d5be",
  "outputs": {
    "bucket_name": {
      "value": "sada-tirayr-dataplex-sources",
      "type": "string"
    }
  },
  "resources": [
    {
      "mode": "managed",
      "type": "google_storage_bucket",
      "name": "dataplex_sources",
      "provider": "provider[\"registry.terraform.io/hashicorp/google\"]",
      "instances": [
        {
          "schema_version": 3,
          "attributes": {
            "autoclass": [],
            "cors": [],
            "custom_placement_config": [],
            "default_event_based_hold": false,
            "effective_labels": {
              "goog-terraform-provisioned": "true",
              "managed": "terraform",
              "purpose": "dataplex-rules"
            },
            "enable_object_retention": false,
            "encryption": [],
            "force_destroy": true,
            "hierarchical_namespace": [
              {
                "enabled": false
              }
            ],
            "id": "sada-tirayr-dataplex-sources",
            "labels": {
              "managed": "terraform",
              "purpose": "dataplex-rules"
            },
            "lifecycle_rule": [],
            "location": "US-CENTRAL1",
            "logging": [],
            "name": "sada-tirayr-dataplex-sources",
            "project": "sada-tirayr",
            "project_number": 437177264669,
            "public_access_prevention": "inherited",
            "requester_pays": false,
            "retention_policy": [],
            "rpo": null,
            "self_link": "https://www.googleapis.com/storage/v1/b/sada-tirayr-dataplex-sources",
            "soft_delete_policy": [
              {
                "effective_time": "2026-01-12T10:50:17.528Z",
                "retention_duration_seconds": 604800
              }
            ],
            "storage_class": "STANDARD",
            "terraform_labels": {
              "goog-terraform-provisioned": "true",
              "managed": "terraform",
              "purpose": "dataplex-rules"
            },
            "timeouts": null,
            "uniform_bucket_level_access": true,
            "url": "gs://sada-tirayr-dataplex-sources",
            "versioning": [],
            "website": []
          },
          "sensitive_attributes": [],
          "identity_schema_version": 0,
          "private": "eyJlMmJmYjczMC1lY2FhLTExZTYtOGY4OC0zNDM2M2JjN2M0YzAiOnsiY3JlYXRlIjo2MDAwMDAwMDAwMDAsInJlYWQiOjI0MDAwMDAwMDAwMCwidXBkYXRlIjoyNDAwMDAwMDAwMDB9LCJzY2hlbWFfdmVyc2lvbiI6IjMifQ=="
        }
      ]
    }
  ],
  "check_results": null
}
