{
  "version": 4,
  "terraform_version": "1.13.4",
  "serial": 16,
  "lineage": "ce570b55-ba35-bfdf-275b-cd2f1d45d5be",
  "outputs": {
    "asset_id": {
      "value": "projects/sada-tirayr/locations/us-central1/lakes/sentiment-lake-tf/zones/sentiment-zone-tf/assets/sentiment-analysis-asset",
      "type": "string"
    },
    "asset_name": {
      "value": "sentiment-analysis-asset",
      "type": "string"
    },
    "bucket_name": {
      "value": "sada-tirayr-dataplex-sources",
      "type": "string"
    },
    "bucket_url": {
      "value": "gs://sada-tirayr-dataplex-sources",
      "type": "string"
    },
    "dataplex_scans_dataset_id": {
      "value": "dataplex_scans",
      "type": "string"
    },
    "lake_id": {
      "value": "projects/sada-tirayr/locations/us-central1/lakes/sentiment-lake-tf",
      "type": "string"
    },
    "lake_name": {
      "value": "sentiment-lake-tf",
      "type": "string"
    },
    "service_account_email": {
      "value": "dataplex-sa@sada-tirayr.iam.gserviceaccount.com",
      "type": "string"
    },
    "service_account_id": {
      "value": "projects/sada-tirayr/serviceAccounts/dataplex-sa@sada-tirayr.iam.gserviceaccount.com",
      "type": "string"
    },
    "zone_id": {
      "value": "projects/sada-tirayr/locations/us-central1/lakes/sentiment-lake-tf/zones/sentiment-zone-tf",
      "type": "string"
    },
    "zone_name": {
      "value": "sentiment-zone-tf",
      "type": "string"
    }
  },
  "resources": [
    {
      "mode": "managed",
      "type": "google_bigquery_dataset",
      "name": "dataplex_scans",
      "provider": "provider[\"registry.terraform.io/hashicorp/google\"]",
      "instances": [
        {
          "schema_version": 0,
          "attributes": {
            "access": [
              {
                "dataset": [],
                "domain": "",
                "group_by_email": "",
                "iam_member": "",
                "role": "OWNER",
                "routine": [],
                "special_group": "",
                "user_by_email": "terraform-sa@sada-tirayr.iam.gserviceaccount.com",
                "view": []
              },
              {
                "dataset": [],
                "domain": "",
                "group_by_email": "",
                "iam_member": "",
                "role": "OWNER",
                "routine": [],
                "special_group": "projectOwners",
                "user_by_email": "",
                "view": []
              },
              {
                "dataset": [],
                "domain": "",
                "group_by_email": "",
                "iam_member": "",
                "role": "READER",
                "routine": [],
                "special_group": "projectReaders",
                "user_by_email": "",
                "view": []
              },
              {
                "dataset": [],
                "domain": "",
                "group_by_email": "",
                "iam_member": "",
                "role": "WRITER",
                "routine": [],
                "special_group": "projectWriters",
                "user_by_email": "",
                "view": []
              }
            ],
            "creation_time": 1766582310047,
            "dataset_id": "dataplex_scans",
            "default_collation": "",
            "default_encryption_configuration": [],
            "default_partition_expiration_ms": 0,
            "default_table_expiration_ms": 0,
            "delete_contents_on_destroy": false,
            "description": "Dataset for storing Dataplex scan results",
            "effective_labels": {
              "goog-terraform-provisioned": "true",
              "managed": "terraform",
              "purpose": "data-quality"
            },
            "etag": "ld9d5MNszNbnSv2qQI0hGA==",
            "external_dataset_reference": [],
            "friendly_name": "",
            "id": "projects/sada-tirayr/datasets/dataplex_scans",
            "is_case_insensitive": false,
            "labels": {
              "managed": "terraform",
              "purpose": "data-quality"
            },
            "last_modified_time": 1766582310047,
            "location": "us-central1",
            "max_time_travel_hours": "168",
            "project": "sada-tirayr",
            "resource_tags": {},
            "self_link": "https://bigquery.googleapis.com/bigquery/v2/projects/sada-tirayr/datasets/dataplex_scans",
            "storage_billing_model": "",
            "terraform_labels": {
              "goog-terraform-provisioned": "true",
              "managed": "terraform",
              "purpose": "data-quality"
            },
            "timeouts": null
          },
          "sensitive_attributes": [],
          "identity_schema_version": 0,
          "private": "eyJlMmJmYjczMC1lY2FhLTExZTYtOGY4OC0zNDM2M2JjN2M0YzAiOnsiY3JlYXRlIjoxMjAwMDAwMDAwMDAwLCJkZWxldGUiOjEyMDAwMDAwMDAwMDAsInVwZGF0ZSI6MTIwMDAwMDAwMDAwMH19",
          "dependencies": [
            "google_project_service.bigquery"
          ]
        }
      ]
    },
    {
      "mode": "managed",
      "type": "google_dataplex_asset",
      "name": "sentiment_analysis",
      "provider": "provider[\"registry.terraform.io/hashicorp/google\"]",
      "instances": [
        {
          "schema_version": 0,
          "attributes": {
            "create_time": "2025-12-24T13:20:27.645508567Z",
            "dataplex_zone": "sentiment-zone-tf",
            "description": "Sentiment analysis dataset asset",
            "discovery_spec": [
              {
                "csv_options": [],
                "enabled": true,
                "exclude_patterns": [],
                "include_patterns": [],
                "json_options": [],
                "schedule": "0 * * * *"
              }
            ],
            "discovery_status": [
              {
                "last_run_duration": "0.540257291s",
                "last_run_time": "2025-12-24T13:21:03.078137003Z",
                "message": "",
                "state": "SCHEDULED",
                "stats": [
                  {
                    "data_items": 74279,
                    "data_size": 10488033,
                    "filesets": 0,
                    "tables": 3
                  }
                ],
                "update_time": "2025-12-24T13:21:03.624492083Z"
              }
            ],
            "display_name": "Sentiment Analysis Dataset",
            "effective_labels": {
              "asset-type": "bigquery",
              "goog-terraform-provisioned": "true",
              "managed": "terraform"
            },
            "id": "projects/sada-tirayr/locations/us-central1/lakes/sentiment-lake-tf/zones/sentiment-zone-tf/assets/sentiment-analysis-asset",
            "labels": {
              "asset-type": "bigquery",
              "managed": "terraform"
            },
            "lake": "sentiment-lake-tf",
            "location": "us-central1",
            "name": "sentiment-analysis-asset",
            "project": "sada-tirayr",
            "resource_spec": [
              {
                "name": "projects/sada-tirayr/datasets/sentiment_analysis",
                "read_access_mode": "DIRECT",
                "type": "BIGQUERY_DATASET"
              }
            ],
            "resource_status": [
              {
                "message": "",
                "state": "READY",
                "update_time": "2025-12-24T13:20:31.336699Z"
              }
            ],
            "security_status": [
              {
                "message": "",
                "state": "READY",
                "update_time": "2025-12-24T13:20:31.336699Z"
              }
            ],
            "state": "ACTIVE",
            "terraform_labels": {
              "asset-type": "bigquery",
              "goog-terraform-provisioned": "true",
              "managed": "terraform"
            },
            "timeouts": null,
            "uid": "85c74df3-e2e7-4a0a-b911-9ca51103ed97",
            "update_time": "2025-12-24T13:21:02.264991841Z"
          },
          "sensitive_attributes": [],
          "identity_schema_version": 0,
          "private": "eyJlMmJmYjczMC1lY2FhLTExZTYtOGY4OC0zNDM2M2JjN2M0YzAiOnsiY3JlYXRlIjoxMjAwMDAwMDAwMDAwLCJkZWxldGUiOjEyMDAwMDAwMDAwMDAsInVwZGF0ZSI6MTIwMDAwMDAwMDAwMH19",
          "dependencies": [
            "google_dataplex_lake.main",
            "google_dataplex_zone.curated",
            "google_project_service.dataplex"
          ]
        }
      ]
    },
    {
      "mode": "managed",
      "type": "google_dataplex_lake",
      "name": "main",
      "provider": "provider[\"registry.terraform.io/hashicorp/google\"]",
      "instances": [
        {
          "schema_version": 0,
          "attributes": {
            "asset_status": [
              {
                "active_assets": 1,
                "security_policy_applying_assets": 0,
                "update_time": "2025-12-24T13:40:33.861366Z"
              }
            ],
            "create_time": "2025-12-24T13:18:30.770245910Z",
            "description": "Main Dataplex lake for data management",
            "display_name": "Main Data Lake",
            "effective_labels": {
              "goog-terraform-provisioned": "true",
              "managed": "terraform",
              "purpose": "data-management"
            },
            "id": "projects/sada-tirayr/locations/us-central1/lakes/sentiment-lake-tf",
            "labels": {
              "managed": "terraform",
              "purpose": "data-management"
            },
            "location": "us-central1",
            "metastore": [],
            "metastore_status": [
              {
                "endpoint": "",
                "message": "",
                "state": "NONE",
                "update_time": "2025-12-24T13:18:31.943637Z"
              }
            ],
            "name": "sentiment-lake-tf",
            "project": "sada-tirayr",
            "service_account": "service-437177264669@gcp-sa-dataplex.iam.gserviceaccount.com",
            "state": "ACTIVE",
            "terraform_labels": {
              "goog-terraform-provisioned": "true",
              "managed": "terraform",
              "purpose": "data-management"
            },
            "timeouts": null,
            "uid": "9687a49b-f490-4e0d-987a-22947f11e0a0",
            "update_time": "2025-12-24T13:20:04.184903830Z"
          },
          "sensitive_attributes": [],
          "identity_schema_version": 0,
          "private": "eyJlMmJmYjczMC1lY2FhLTExZTYtOGY4OC0zNDM2M2JjN2M0YzAiOnsiY3JlYXRlIjoxMjAwMDAwMDAwMDAwLCJkZWxldGUiOjEyMDAwMDAwMDAwMDAsInVwZGF0ZSI6MTIwMDAwMDAwMDAwMH19",
          "dependencies": [
            "google_project_service.dataplex"
          ]
        }
      ]
    },
    {
      "mode": "managed",
      "type": "google_dataplex_zone",
      "name": "curated",
      "provider": "provider[\"registry.terraform.io/hashicorp/google\"]",
      "instances": [
        {
          "schema_version": 0,
          "attributes": {
            "asset_status": [
              {
                "active_assets": 1,
                "security_policy_applying_assets": 0,
                "update_time": "2025-12-24T13:41:06.922385Z"
              }
            ],
            "create_time": "2025-12-24T13:20:21.473122058Z",
            "description": "Curated zone for processed data",
            "discovery_spec": [
              {
                "csv_options": [],
                "enabled": true,
                "exclude_patterns": [],
                "include_patterns": [],
                "json_options": [],
                "schedule": "0 * * * *"
              }
            ],
            "display_name": "Curated Data Zone",
            "effective_labels": {
              "goog-terraform-provisioned": "true",
              "managed": "terraform",
              "zone-type": "curated"
            },
            "id": "projects/sada-tirayr/locations/us-central1/lakes/sentiment-lake-tf/zones/sentiment-zone-tf",
            "labels": {
              "managed": "terraform",
              "zone-type": "curated"
            },
            "lake": "sentiment-lake-tf",
            "location": "us-central1",
            "name": "sentiment-zone-tf",
            "project": "sada-tirayr",
            "resource_spec": [
              {
                "location_type": "SINGLE_REGION"
              }
            ],
            "state": "ACTIVE",
            "terraform_labels": {
              "goog-terraform-provisioned": "true",
              "managed": "terraform",
              "zone-type": "curated"
            },
            "timeouts": null,
            "type": "CURATED",
            "uid": "72cb2134-ce38-415d-bfcf-61485e1716af",
            "update_time": "2025-12-24T13:20:24.295354889Z"
          },
          "sensitive_attributes": [],
          "identity_schema_version": 0,
          "private": "eyJlMmJmYjczMC1lY2FhLTExZTYtOGY4OC0zNDM2M2JjN2M0YzAiOnsiY3JlYXRlIjoxMjAwMDAwMDAwMDAwLCJkZWxldGUiOjEyMDAwMDAwMDAwMDAsInVwZGF0ZSI6MTIwMDAwMDAwMDAwMH19",
          "dependencies": [
            "google_dataplex_lake.main",
            "google_project_service.dataplex"
          ]
        }
      ]
    },
    {
      "mode": "managed",
      "type": "google_project_iam_member",
      "name": "dataplex_sa_bigquery_admin",
      "provider": "provider[\"registry.terraform.io/hashicorp/google\"]",
      "instances": [
        {
          "schema_version": 0,
          "attributes": {
            "condition": [],
            "etag": "BwZGsn/ctXA=",
            "id": "sada-tirayr/roles/bigquery.admin/serviceAccount:dataplex-sa@sada-tirayr.iam.gserviceaccount.com",
            "member": "serviceAccount:dataplex-sa@sada-tirayr.iam.gserviceaccount.com",
            "project": "sada-tirayr",
            "role": "roles/bigquery.admin"
          },
          "sensitive_attributes": [],
          "identity_schema_version": 0,
          "private": "bnVsbA==",
          "dependencies": [
            "google_service_account.dataplex_sa"
          ]
        }
      ]
    },
    {
      "mode": "managed",
      "type": "google_project_iam_member",
      "name": "dataplex_sa_dataplex_editor",
      "provider": "provider[\"registry.terraform.io/hashicorp/google\"]",
      "instances": [
        {
          "schema_version": 0,
          "attributes": {
            "condition": [],
            "etag": "BwZGsn/ctXA=",
            "id": "sada-tirayr/roles/dataplex.editor/serviceAccount:dataplex-sa@sada-tirayr.iam.gserviceaccount.com",
            "member": "serviceAccount:dataplex-sa@sada-tirayr.iam.gserviceaccount.com",
            "project": "sada-tirayr",
            "role": "roles/dataplex.editor"
          },
          "sensitive_attributes": [],
          "identity_schema_version": 0,
          "private": "bnVsbA==",
          "dependencies": [
            "google_service_account.dataplex_sa"
          ]
        }
      ]
    },
    {
      "mode": "managed",
      "type": "google_project_iam_member",
      "name": "dataplex_sa_storage_admin",
      "provider": "provider[\"registry.terraform.io/hashicorp/google\"]",
      "instances": [
        {
          "schema_version": 0,
          "attributes": {
            "condition": [],
            "etag": "BwZGsn/ctXA=",
            "id": "sada-tirayr/roles/storage.admin/serviceAccount:dataplex-sa@sada-tirayr.iam.gserviceaccount.com",
            "member": "serviceAccount:dataplex-sa@sada-tirayr.iam.gserviceaccount.com",
            "project": "sada-tirayr",
            "role": "roles/storage.admin"
          },
          "sensitive_attributes": [],
          "identity_schema_version": 0,
          "private": "bnVsbA==",
          "dependencies": [
            "google_service_account.dataplex_sa"
          ]
        }
      ]
    },
    {
      "mode": "managed",
      "type": "google_project_service",
      "name": "bigquery",
      "provider": "provider[\"registry.terraform.io/hashicorp/google\"]",
      "instances": [
        {
          "schema_version": 0,
          "attributes": {
            "disable_dependent_services": null,
            "disable_on_destroy": false,
            "id": "sada-tirayr/bigquery.googleapis.com",
            "project": "sada-tirayr",
            "service": "bigquery.googleapis.com",
            "timeouts": null
          },
          "sensitive_attributes": [],
          "identity_schema_version": 0,
          "private": "eyJlMmJmYjczMC1lY2FhLTExZTYtOGY4OC0zNDM2M2JjN2M0YzAiOnsiY3JlYXRlIjoxMjAwMDAwMDAwMDAwLCJkZWxldGUiOjEyMDAwMDAwMDAwMDAsInJlYWQiOjYwMDAwMDAwMDAwMCwidXBkYXRlIjoxMjAwMDAwMDAwMDAwfX0="
        }
      ]
    },
    {
      "mode": "managed",
      "type": "google_project_service",
      "name": "dataplex",
      "provider": "provider[\"registry.terraform.io/hashicorp/google\"]",
      "instances": [
        {
          "schema_version": 0,
          "attributes": {
            "disable_dependent_services": null,
            "disable_on_destroy": false,
            "id": "sada-tirayr/dataplex.googleapis.com",
            "project": "sada-tirayr",
            "service": "dataplex.googleapis.com",
            "timeouts": null
          },
          "sensitive_attributes": [],
          "identity_schema_version": 0,
          "private": "eyJlMmJmYjczMC1lY2FhLTExZTYtOGY4OC0zNDM2M2JjN2M0YzAiOnsiY3JlYXRlIjoxMjAwMDAwMDAwMDAwLCJkZWxldGUiOjEyMDAwMDAwMDAwMDAsInJlYWQiOjYwMDAwMDAwMDAwMCwidXBkYXRlIjoxMjAwMDAwMDAwMDAwfX0="
        }
      ]
    },
    {
      "mode": "managed",
      "type": "google_project_service",
      "name": "storage",
      "provider": "provider[\"registry.terraform.io/hashicorp/google\"]",
      "instances": [
        {
          "schema_version": 0,
          "attributes": {
            "disable_dependent_services": null,
            "disable_on_destroy": false,
            "id": "sada-tirayr/storage.googleapis.com",
            "project": "sada-tirayr",
            "service": "storage.googleapis.com",
            "timeouts": null
          },
          "sensitive_attributes": [],
          "identity_schema_version": 0,
          "private": "eyJlMmJmYjczMC1lY2FhLTExZTYtOGY4OC0zNDM2M2JjN2M0YzAiOnsiY3JlYXRlIjoxMjAwMDAwMDAwMDAwLCJkZWxldGUiOjEyMDAwMDAwMDAwMDAsInJlYWQiOjYwMDAwMDAwMDAwMCwidXBkYXRlIjoxMjAwMDAwMDAwMDAwfX0="
        }
      ]
    },
    {
      "mode": "managed",
      "type": "google_service_account",
      "name": "dataplex_sa",
      "provider": "provider[\"registry.terraform.io/hashicorp/google\"]",
      "instances": [
        {
          "schema_version": 0,
          "attributes": {
            "account_id": "dataplex-sa",
            "create_ignore_already_exists": null,
            "description": "",
            "disabled": false,
            "display_name": "Dataplex Service Account",
            "email": "dataplex-sa@sada-tirayr.iam.gserviceaccount.com",
            "id": "projects/sada-tirayr/serviceAccounts/dataplex-sa@sada-tirayr.iam.gserviceaccount.com",
            "member": "serviceAccount:dataplex-sa@sada-tirayr.iam.gserviceaccount.com",
            "name": "projects/sada-tirayr/serviceAccounts/dataplex-sa@sada-tirayr.iam.gserviceaccount.com",
            "project": "sada-tirayr",
            "timeouts": null,
            "unique_id": "113840729322954605950"
          },
          "sensitive_attributes": [],
          "identity_schema_version": 0,
          "private": "eyJlMmJmYjczMC1lY2FhLTExZTYtOGY4OC0zNDM2M2JjN2M0YzAiOnsiY3JlYXRlIjozMDAwMDAwMDAwMDB9fQ=="
        }
      ]
    },
    {
      "mode": "managed",
      "type": "google_storage_bucket",
      "name": "dataplex_sources",
      "provider": "provider[\"registry.terraform.io/hashicorp/google\"]",
      "instances": [
        {
          "schema_version": 3,
          "attributes": {
            "autoclass": [],
            "cors": [],
            "custom_placement_config": [],
            "default_event_based_hold": false,
            "effective_labels": {
              "goog-terraform-provisioned": "true",
              "managed": "terraform",
              "purpose": "dataplex-rules"
            },
            "enable_object_retention": false,
            "encryption": [],
            "force_destroy": false,
            "hierarchical_namespace": [
              {
                "enabled": false
              }
            ],
            "id": "sada-tirayr-dataplex-sources",
            "labels": {
              "managed": "terraform",
              "purpose": "dataplex-rules"
            },
            "lifecycle_rule": [],
            "location": "US-CENTRAL1",
            "logging": [],
            "name": "sada-tirayr-dataplex-sources",
            "project": "sada-tirayr",
            "project_number": 437177264669,
            "public_access_prevention": "inherited",
            "requester_pays": false,
            "retention_policy": [],
            "rpo": null,
            "self_link": "https://www.googleapis.com/storage/v1/b/sada-tirayr-dataplex-sources",
            "soft_delete_policy": [
              {
                "effective_time": "2025-12-24T13:18:25.058Z",
                "retention_duration_seconds": 604800
              }
            ],
            "storage_class": "STANDARD",
            "terraform_labels": {
              "goog-terraform-provisioned": "true",
              "managed": "terraform",
              "purpose": "dataplex-rules"
            },
            "timeouts": null,
            "uniform_bucket_level_access": true,
            "url": "gs://sada-tirayr-dataplex-sources",
            "versioning": [],
            "website": []
          },
          "sensitive_attributes": [],
          "identity_schema_version": 0,
          "private": "eyJlMmJmYjczMC1lY2FhLTExZTYtOGY4OC0zNDM2M2JjN2M0YzAiOnsiY3JlYXRlIjo2MDAwMDAwMDAwMDAsInJlYWQiOjI0MDAwMDAwMDAwMCwidXBkYXRlIjoyNDAwMDAwMDAwMDB9LCJzY2hlbWFfdmVyc2lvbiI6IjMifQ=="
        }
      ]
    }
  ],
  "check_results": null
}
